// !$*UTF8*$!
{
	archiveVersion = 1;
	classes = {
	};
	objectVersion = 46;
	objects = {

/* Begin PBXBuildFile section */
		0D29160819519CE500C4CE58 /* AppKit.framework in Frameworks */ = {isa = PBXBuildFile; fileRef = 0D29160719519CE500C4CE58 /* AppKit.framework */; };
		0D2BFD8F194588F400DE18D9 /* Images.xcassets in Resources */ = {isa = PBXBuildFile; fileRef = 0D2BFD8E194588F400DE18D9 /* Images.xcassets */; };
		8D11072A0486CEB800E47090 /* MainMenu.nib in Resources */ = {isa = PBXBuildFile; fileRef = 29B97318FDCFA39411CA2CEA /* MainMenu.nib */; };
		8D11072B0486CEB800E47090 /* InfoPlist.strings in Resources */ = {isa = PBXBuildFile; fileRef = 089C165CFE840E0CC02AAC07 /* InfoPlist.strings */; };
		8D11072F0486CEB800E47090 /* Cocoa.framework in Frameworks */ = {isa = PBXBuildFile; fileRef = 1058C7A1FEA54F0111CA2CBB /* Cocoa.framework */; };
		A7505A4020D6246900A38EB5 /* linda_16.png in Resources */ = {isa = PBXBuildFile; fileRef = A7505A3F20D6246900A38EB5 /* linda_16.png */; };
		A7764A6820D6308400BF78E1 /* linda_32.png in Resources */ = {isa = PBXBuildFile; fileRef = A7764A6720D6308300BF78E1 /* linda_32.png */; };
		A789C96920D6331F0067745D /* NSString_QuickPairs.m in Sources */ = {isa = PBXBuildFile; fileRef = A789C96820D6331F0067745D /* NSString_QuickPairs.m */; };
		A79C799420D62AFC00B1613D /* Info.plist in Resources */ = {isa = PBXBuildFile; fileRef = A79C799320D62ADA00B1613D /* Info.plist */; };
		A79C799620D62BA100B1613D /* Info.plist in Resources */ = {isa = PBXBuildFile; fileRef = A79C799520D62BA100B1613D /* Info.plist */; };
		A7F3835420D5FDC7000E9435 /* linda.icns in Resources */ = {isa = PBXBuildFile; fileRef = A7F3835320D5FDC7000E9435 /* linda.icns */; };
		E93074B70A5C264700470842 /* InputMethodKit.framework in Frameworks */ = {isa = PBXBuildFile; fileRef = E93074B60A5C264700470842 /* InputMethodKit.framework */; };
		F1CDA2AF1B551A55005086C6 /* InputController.h in Sources */ = {isa = PBXBuildFile; fileRef = F1CDA2A41B55180A005086C6 /* InputController.h */; };
		F1CDA2B01B551A55005086C6 /* InputController.m in Sources */ = {isa = PBXBuildFile; fileRef = F1CDA2A51B55180A005086C6 /* InputController.m */; };
		F1CDA2B11B551A55005086C6 /* main.m in Sources */ = {isa = PBXBuildFile; fileRef = F1CDA2A61B55180A005086C6 /* main.m */; };
/* End PBXBuildFile section */

/* Begin PBXFileReference section */
		089C165DFE840E0CC02AAC07 /* English */ = {isa = PBXFileReference; fileEncoding = 10; lastKnownFileType = text.plist.strings; name = English; path = English.lproj/InfoPlist.strings; sourceTree = "<group>"; };
		0D29160719519CE500C4CE58 /* AppKit.framework */ = {isa = PBXFileReference; lastKnownFileType = wrapper.framework; name = AppKit.framework; path = System/Library/Frameworks/AppKit.framework; sourceTree = SDKROOT; };
		0D2BFD8E194588F400DE18D9 /* Images.xcassets */ = {isa = PBXFileReference; lastKnownFileType = folder.assetcatalog; path = Images.xcassets; sourceTree = "<group>"; };
		0D376F6A1949892900EF1E22 /* WebKit.framework */ = {isa = PBXFileReference; lastKnownFileType = wrapper.framework; name = WebKit.framework; path = System/Library/Frameworks/WebKit.framework; sourceTree = SDKROOT; };
		0DA9181919BDE327003D4B38 /* Security.framework */ = {isa = PBXFileReference; lastKnownFileType = wrapper.framework; name = Security.framework; path = System/Library/Frameworks/Security.framework; sourceTree = SDKROOT; };
		1058C7A1FEA54F0111CA2CBB /* Cocoa.framework */ = {isa = PBXFileReference; lastKnownFileType = wrapper.framework; name = Cocoa.framework; path = /System/Library/Frameworks/Cocoa.framework; sourceTree = "<absolute>"; };
		29B97319FDCFA39411CA2CEA /* English */ = {isa = PBXFileReference; lastKnownFileType = wrapper.nib; name = English; path = English.lproj/MainMenu.nib; sourceTree = "<group>"; };
		29B97324FDCFA39411CA2CEA /* AppKit.framework */ = {isa = PBXFileReference; lastKnownFileType = wrapper.framework; name = AppKit.framework; path = /System/Library/Frameworks/AppKit.framework; sourceTree = "<absolute>"; };
		29B97325FDCFA39411CA2CEA /* Foundation.framework */ = {isa = PBXFileReference; lastKnownFileType = wrapper.framework; name = Foundation.framework; path = /System/Library/Frameworks/Foundation.framework; sourceTree = "<absolute>"; };
		A7505A3F20D6246900A38EB5 /* linda_16.png */ = {isa = PBXFileReference; lastKnownFileType = image.png; path = linda_16.png; sourceTree = "<group>"; };
		A7764A6720D6308300BF78E1 /* linda_32.png */ = {isa = PBXFileReference; lastKnownFileType = image.png; path = linda_32.png; sourceTree = "<group>"; };
		A789C96820D6331F0067745D /* NSString_QuickPairs.m */ = {isa = PBXFileReference; fileEncoding = 4; lastKnownFileType = sourcecode.c.objc; name = NSString_QuickPairs.m; path = src/NSString_QuickPairs.m; sourceTree = "<group>"; };
		A79C799120D628FB00B1613D /* linda-mac.app */ = {isa = PBXFileReference; explicitFileType = wrapper.application; includeInIndex = 0; path = "linda-mac.app"; sourceTree = BUILT_PRODUCTS_DIR; };
		A79C799220D62ADA00B1613D /* en */ = {isa = PBXFileReference; lastKnownFileType = text.plist.xml; name = en; path = en.lproj/Info.plist; sourceTree = "<group>"; };
		A79C799520D62BA100B1613D /* Info.plist */ = {isa = PBXFileReference; fileEncoding = 4; lastKnownFileType = text.plist.xml; path = Info.plist; sourceTree = "<group>"; };
		A7F3835020D5E6ED000E9435 /* NSString_QuickPairs.h */ = {isa = PBXFileReference; lastKnownFileType = sourcecode.c.h; name = NSString_QuickPairs.h; path = src/NSString_QuickPairs.h; sourceTree = "<group>"; };
		A7F3835320D5FDC7000E9435 /* linda.icns */ = {isa = PBXFileReference; lastKnownFileType = image.icns; path = linda.icns; sourceTree = "<group>"; };
		E93074B60A5C264700470842 /* InputMethodKit.framework */ = {isa = PBXFileReference; lastKnownFileType = wrapper.framework; name = InputMethodKit.framework; path = /System/Library/Frameworks/InputMethodKit.framework; sourceTree = "<absolute>"; };
		F1CDA2A41B55180A005086C6 /* InputController.h */ = {isa = PBXFileReference; fileEncoding = 4; lastKnownFileType = sourcecode.c.h; name = InputController.h; path = src/InputController.h; sourceTree = "<group>"; };
		F1CDA2A51B55180A005086C6 /* InputController.m */ = {isa = PBXFileReference; fileEncoding = 4; lastKnownFileType = sourcecode.c.objc; name = InputController.m; path = src/InputController.m; sourceTree = "<group>"; };
		F1CDA2A61B55180A005086C6 /* main.m */ = {isa = PBXFileReference; fileEncoding = 4; lastKnownFileType = sourcecode.c.objc; name = main.m; path = src/main.m; sourceTree = "<group>"; };
/* End PBXFileReference section */

/* Begin PBXFrameworksBuildPhase section */
		8D11072E0486CEB800E47090 /* Frameworks */ = {
			isa = PBXFrameworksBuildPhase;
			buildActionMask = 2147483647;
			files = (
				0D29160819519CE500C4CE58 /* AppKit.framework in Frameworks */,
				8D11072F0486CEB800E47090 /* Cocoa.framework in Frameworks */,
				E93074B70A5C264700470842 /* InputMethodKit.framework in Frameworks */,
			);
			runOnlyForDeploymentPostprocessing = 0;
		};
/* End PBXFrameworksBuildPhase section */

/* Begin PBXGroup section */
		080E96DDFE201D6D7F000001 /* Classes */ = {
			isa = PBXGroup;
			children = (
				A789C96820D6331F0067745D /* NSString_QuickPairs.m */,
				F1CDA2A41B55180A005086C6 /* InputController.h */,
				F1CDA2A51B55180A005086C6 /* InputController.m */,
				F1CDA2A61B55180A005086C6 /* main.m */,
				A7F3835020D5E6ED000E9435 /* NSString_QuickPairs.h */,
			);
			name = Classes;
			sourceTree = "<group>";
		};
		1058C7A0FEA54F0111CA2CBB /* Linked Frameworks */ = {
			isa = PBXGroup;
			children = (
				1058C7A1FEA54F0111CA2CBB /* Cocoa.framework */,
			);
			name = "Linked Frameworks";
			sourceTree = "<group>";
		};
		1058C7A2FEA54F0111CA2CBB /* Other Frameworks */ = {
			isa = PBXGroup;
			children = (
				E93074B60A5C264700470842 /* InputMethodKit.framework */,
				29B97324FDCFA39411CA2CEA /* AppKit.framework */,
				29B97325FDCFA39411CA2CEA /* Foundation.framework */,
			);
			name = "Other Frameworks";
			sourceTree = "<group>";
		};
		29B97314FDCFA39411CA2CEA /* NumberInput */ = {
			isa = PBXGroup;
			children = (
				A79C799520D62BA100B1613D /* Info.plist */,
				080E96DDFE201D6D7F000001 /* Classes */,
				29B97317FDCFA39411CA2CEA /* Resources */,
				29B97323FDCFA39411CA2CEA /* Frameworks */,
				A79C799120D628FB00B1613D /* linda-mac.app */,
			);
			name = NumberInput;
			sourceTree = "<group>";
		};
		29B97317FDCFA39411CA2CEA /* Resources */ = {
			isa = PBXGroup;
			children = (
				0D2BFD8E194588F400DE18D9 /* Images.xcassets */,
				E93396E20A9A0AAD0073E6C4 /* images */,
				A79C799320D62ADA00B1613D /* Info.plist */,
				089C165CFE840E0CC02AAC07 /* InfoPlist.strings */,
				29B97318FDCFA39411CA2CEA /* MainMenu.nib */,
			);
			name = Resources;
			sourceTree = "<group>";
		};
		29B97323FDCFA39411CA2CEA /* Frameworks */ = {
			isa = PBXGroup;
			children = (
				0DA9181919BDE327003D4B38 /* Security.framework */,
				0D29160719519CE500C4CE58 /* AppKit.framework */,
				0D376F6A1949892900EF1E22 /* WebKit.framework */,
				1058C7A0FEA54F0111CA2CBB /* Linked Frameworks */,
				1058C7A2FEA54F0111CA2CBB /* Other Frameworks */,
			);
			name = Frameworks;
			sourceTree = "<group>";
		};
		E93396E20A9A0AAD0073E6C4 /* images */ = {
			isa = PBXGroup;
			children = (
				A7764A6720D6308300BF78E1 /* linda_32.png */,
				A7505A3F20D6246900A38EB5 /* linda_16.png */,
				A7F3835320D5FDC7000E9435 /* linda.icns */,
			);
			name = images;
			sourceTree = "<group>";
		};
/* End PBXGroup section */

/* Begin PBXNativeTarget section */
		8D1107260486CEB800E47090 /* linda-mac */ = {
			isa = PBXNativeTarget;
			buildConfigurationList = C01FCF4A08A954540054247B /* Build configuration list for PBXNativeTarget "linda-mac" */;
			buildPhases = (
				8D1107290486CEB800E47090 /* Resources */,
				8D11072C0486CEB800E47090 /* Sources */,
				8D11072E0486CEB800E47090 /* Frameworks */,
			);
			buildRules = (
			);
			dependencies = (
			);
			name = "linda-mac";
			productInstallPath = "$(HOME)/Applications";
			productName = NumberInput;
			productReference = A79C799120D628FB00B1613D /* linda-mac.app */;
			productType = "com.apple.product-type.application";
		};
/* End PBXNativeTarget section */

/* Begin PBXProject section */
		29B97313FDCFA39411CA2CEA /* Project object */ = {
			isa = PBXProject;
			attributes = {
				LastUpgradeCheck = 0720;
			};
			buildConfigurationList = C01FCF4E08A954540054247B /* Build configuration list for PBXProject "linda-mac" */;
			compatibilityVersion = "Xcode 3.2";
			developmentRegion = English;
			hasScannedForEncodings = 1;
			knownRegions = (
				en,
			);
			mainGroup = 29B97314FDCFA39411CA2CEA /* NumberInput */;
			productRefGroup = 29B97314FDCFA39411CA2CEA /* NumberInput */;
			projectDirPath = "";
			projectRoot = "";
			targets = (
				8D1107260486CEB800E47090 /* linda-mac */,
			);
		};
/* End PBXProject section */

/* Begin PBXResourcesBuildPhase section */
		8D1107290486CEB800E47090 /* Resources */ = {
			isa = PBXResourcesBuildPhase;
			buildActionMask = 2147483647;
			files = (
				8D11072A0486CEB800E47090 /* MainMenu.nib in Resources */,
				A79C799420D62AFC00B1613D /* Info.plist in Resources */,
				0D2BFD8F194588F400DE18D9 /* Images.xcassets in Resources */,
				A7764A6820D6308400BF78E1 /* linda_32.png in Resources */,
				A7F3835420D5FDC7000E9435 /* linda.icns in Resources */,
				A7505A4020D6246900A38EB5 /* linda_16.png in Resources */,
				A79C799620D62BA100B1613D /* Info.plist in Resources */,
				8D11072B0486CEB800E47090 /* InfoPlist.strings in Resources */,
			);
			runOnlyForDeploymentPostprocessing = 0;
		};
/* End PBXResourcesBuildPhase section */

/* Begin PBXSourcesBuildPhase section */
		8D11072C0486CEB800E47090 /* Sources */ = {
			isa = PBXSourcesBuildPhase;
			buildActionMask = 2147483647;
			files = (
				F1CDA2AF1B551A55005086C6 /* InputController.h in Sources */,
				F1CDA2B01B551A55005086C6 /* InputController.m in Sources */,
				F1CDA2B11B551A55005086C6 /* main.m in Sources */,
				A789C96920D6331F0067745D /* NSString_QuickPairs.m in Sources */,
			);
			runOnlyForDeploymentPostprocessing = 0;
		};
/* End PBXSourcesBuildPhase section */

/* Begin PBXVariantGroup section */
		089C165CFE840E0CC02AAC07 /* InfoPlist.strings */ = {
			isa = PBXVariantGroup;
			children = (
				089C165DFE840E0CC02AAC07 /* English */,
			);
			name = InfoPlist.strings;
			sourceTree = "<group>";
		};
		29B97318FDCFA39411CA2CEA /* MainMenu.nib */ = {
			isa = PBXVariantGroup;
			children = (
				29B97319FDCFA39411CA2CEA /* English */,
			);
			name = MainMenu.nib;
			sourceTree = "<group>";
		};
		A79C799320D62ADA00B1613D /* Info.plist */ = {
			isa = PBXVariantGroup;
			children = (
				A79C799220D62ADA00B1613D /* en */,
			);
			name = Info.plist;
			sourceTree = "<group>";
		};
/* End PBXVariantGroup section */

/* Begin XCBuildConfiguration section */
		C01FCF4B08A954540054247B /* Debug */ = {
			isa = XCBuildConfiguration;
			buildSettings = {
				ASSETCATALOG_COMPILER_APPICON_NAME = AppIcon;
				CLANG_ENABLE_OBJC_ARC = YES;
				COMBINE_HIDPI_IMAGES = YES;
				COPY_PHASE_STRIP = NO;
				GCC_DYNAMIC_NO_PIC = NO;
				GCC_ENABLE_FIX_AND_CONTINUE = YES;
				GCC_MODEL_TUNING = G5;
				GCC_OPTIMIZATION_LEVEL = 0;
				INFOPLIST_FILE = Info.plist;
				INSTALL_PATH = "\"$(LOCAL_LIBRARY_DIR)/Input Methods/\"";
				MACOSX_DEPLOYMENT_TARGET = 10.9;
				PRODUCT_BUNDLE_IDENTIFIER = "im.session.inputmethod.linda-mac";
				PRODUCT_NAME = "linda-mac";
				WRAPPER_EXTENSION = app;
				ZERO_LINK = YES;
			};
			name = Debug;
		};
		C01FCF4C08A954540054247B /* Release */ = {
			isa = XCBuildConfiguration;
			buildSettings = {
				ASSETCATALOG_COMPILER_APPICON_NAME = AppIcon;
				CLANG_ENABLE_OBJC_ARC = YES;
				COMBINE_HIDPI_IMAGES = YES;
				GCC_GENERATE_DEBUGGING_SYMBOLS = NO;
				GCC_MODEL_TUNING = G5;
				INFOPLIST_FILE = Info.plist;
				INSTALL_PATH = "$(HOME)/Applications";
				MACOSX_DEPLOYMENT_TARGET = 10.9;
				ONLY_ACTIVE_ARCH = YES;
				PRODUCT_BUNDLE_IDENTIFIER = "im.session.inputmethod.linda-mac";
				PRODUCT_NAME = "linda-mac";
				WRAPPER_EXTENSION = app;
			};
			name = Release;
		};
		C01FCF4F08A954540054247B /* Debug */ = {
			isa = XCBuildConfiguration;
			buildSettings = {
				ENABLE_TESTABILITY = YES;
				GCC_WARN_ABOUT_RETURN_TYPE = YES;
				GCC_WARN_UNUSED_VARIABLE = YES;
				ONLY_ACTIVE_ARCH = YES;
				PREBINDING = NO;
			};
			name = Debug;
		};
		C01FCF5008A954540054247B /* Release */ = {
			isa = XCBuildConfiguration;
			buildSettings = {
				GCC_WARN_ABOUT_RETURN_TYPE = YES;
				GCC_WARN_UNUSED_VARIABLE = YES;
				ONLY_ACTIVE_ARCH = YES;
				PREBINDING = NO;
			};
			name = Release;
		};
/* End XCBuildConfiguration section */

/* Begin XCConfigurationList section */
		C01FCF4A08A954540054247B /* Build configuration list for PBXNativeTarget "linda-mac" */ = {
			isa = XCConfigurationList;
			buildConfigurations = (
				C01FCF4B08A954540054247B /* Debug */,
				C01FCF4C08A954540054247B /* Release */,
			);
			defaultConfigurationIsVisible = 0;
			defaultConfigurationName = Release;
		};
		C01FCF4E08A954540054247B /* Build configuration list for PBXProject "linda-mac" */ = {
			isa = XCConfigurationList;
			buildConfigurations = (
				C01FCF4F08A954540054247B /* Debug */,
				C01FCF5008A954540054247B /* Release */,
			);
			defaultConfigurationIsVisible = 0;
			defaultConfigurationName = Release;
		};
/* End XCConfigurationList section */
	};
	rootObject = 29B97313FDCFA39411CA2CEA /* Project object */;
}
